// !$*UTF8*$!
{
	archiveVersion = 1;
	classes = {
	};
	objectVersion = 77;
	objects = {

/* Begin PBXBuildFile section */
		372CDB8C2D531596006F7CDB /* FirebaseFirestore in Frameworks */ = {isa = PBXBuildFile; productRef = 372CDB8B2D531596006F7CDB /* FirebaseFirestore */; };
		372CDB8E2D531596006F7CDB /* FirebaseStorage in Frameworks */ = {isa = PBXBuildFile; productRef = 372CDB8D2D531596006F7CDB /* FirebaseStorage */; };
		3791358D2D5C1464002783EA /* OpenAI in Frameworks */ = {isa = PBXBuildFile; productRef = 3791358C2D5C1464002783EA /* OpenAI */; };
		37A531CB2D53044C00633396 /* FirebaseAuth in Frameworks */ = {isa = PBXBuildFile; productRef = 37A531CA2D53044C00633396 /* FirebaseAuth */; };
		37A531CD2D53044C00633396 /* FirebaseCore in Frameworks */ = {isa = PBXBuildFile; productRef = 37A531CC2D53044C00633396 /* FirebaseCore */; };
		37BCC5382D5AE19A00A1A5EA /* StripePaymentSheet in Frameworks */ = {isa = PBXBuildFile; productRef = 37BCC5372D5AE19A00A1A5EA /* StripePaymentSheet */; };
/* End PBXBuildFile section */

/* Begin PBXFileReference section */
		37E27EB82D53030100FDBE70 /* cliktok.app */ = {isa = PBXFileReference; explicitFileType = wrapper.application; includeInIndex = 0; path = cliktok.app; sourceTree = BUILT_PRODUCTS_DIR; };
/* End PBXFileReference section */

/* Begin PBXFileSystemSynchronizedBuildFileExceptionSet section */
		379AE25A2D56CB45004663E5 /* Exceptions for "cliktok" folder in "cliktok" target */ = {
			isa = PBXFileSystemSynchronizedBuildFileExceptionSet;
			membershipExceptions = (
				Info.plist,
			);
			target = 37E27EB72D53030100FDBE70 /* cliktok */;
		};
/* End PBXFileSystemSynchronizedBuildFileExceptionSet section */

/* Begin PBXFileSystemSynchronizedRootGroup section */
		37E27EBA2D53030100FDBE70 /* cliktok */ = {
			isa = PBXFileSystemSynchronizedRootGroup;
			exceptions = (
				379AE25A2D56CB45004663E5 /* Exceptions for "cliktok" folder in "cliktok" target */,
			);
			path = cliktok;
			sourceTree = "<group>";
		};
/* End PBXFileSystemSynchronizedRootGroup section */

/* Begin PBXFrameworksBuildPhase section */
		37E27EB52D53030100FDBE70 /* Frameworks */ = {
			isa = PBXFrameworksBuildPhase;
			buildActionMask = 2147483647;
			files = (
				37A531CD2D53044C00633396 /* FirebaseCore in Frameworks */,
				372CDB8E2D531596006F7CDB /* FirebaseStorage in Frameworks */,
				37A531CB2D53044C00633396 /* FirebaseAuth in Frameworks */,
				372CDB8C2D531596006F7CDB /* FirebaseFirestore in Frameworks */,
				3791358D2D5C1464002783EA /* OpenAI in Frameworks */,
				37BCC5382D5AE19A00A1A5EA /* StripePaymentSheet in Frameworks */,
			);
			runOnlyForDeploymentPostprocessing = 0;
		};
/* End PBXFrameworksBuildPhase section */

/* Begin PBXGroup section */
		37E27EAF2D53030100FDBE70 = {
			isa = PBXGroup;
			children = (
				37E27EBA2D53030100FDBE70 /* cliktok */,
				37E27EB92D53030100FDBE70 /* Products */,
			);
			sourceTree = "<group>";
		};
		37E27EB92D53030100FDBE70 /* Products */ = {
			isa = PBXGroup;
			children = (
				37E27EB82D53030100FDBE70 /* cliktok.app */,
			);
			name = Products;
			sourceTree = "<group>";
		};
/* End PBXGroup section */

/* Begin PBXNativeTarget section */
		37E27EB72D53030100FDBE70 /* cliktok */ = {
			isa = PBXNativeTarget;
			buildConfigurationList = 37E27EC82D53030300FDBE70 /* Build configuration list for PBXNativeTarget "cliktok" */;
			buildPhases = (
				37E27EB42D53030100FDBE70 /* Sources */,
				37E27EB52D53030100FDBE70 /* Frameworks */,
				37E27EB62D53030100FDBE70 /* Resources */,
			);
			buildRules = (
			);
			dependencies = (
			);
			fileSystemSynchronizedGroups = (
				37E27EBA2D53030100FDBE70 /* cliktok */,
			);
			name = cliktok;
			packageProductDependencies = (
				37A531CA2D53044C00633396 /* FirebaseAuth */,
				37A531CC2D53044C00633396 /* FirebaseCore */,
				372CDB8B2D531596006F7CDB /* FirebaseFirestore */,
				372CDB8D2D531596006F7CDB /* FirebaseStorage */,
				37BCC5372D5AE19A00A1A5EA /* StripePaymentSheet */,
				3791358C2D5C1464002783EA /* OpenAI */,
			);
			productName = cliktok;
			productReference = 37E27EB82D53030100FDBE70 /* cliktok.app */;
			productType = "com.apple.product-type.application";
		};
/* End PBXNativeTarget section */

/* Begin PBXProject section */
		37E27EB02D53030100FDBE70 /* Project object */ = {
			isa = PBXProject;
			attributes = {
				BuildIndependentTargetsInParallel = 1;
				LastSwiftUpdateCheck = 1620;
				LastUpgradeCheck = 1620;
				TargetAttributes = {
					37E27EB72D53030100FDBE70 = {
						CreatedOnToolsVersion = 16.2;
					};
				};
			};
			buildConfigurationList = 37E27EB32D53030100FDBE70 /* Build configuration list for PBXProject "cliktok" */;
			developmentRegion = en;
			hasScannedForEncodings = 0;
			knownRegions = (
				en,
				Base,
			);
			mainGroup = 37E27EAF2D53030100FDBE70;
			minimizedProjectReferenceProxies = 1;
			packageReferences = (
				37A531C92D53044C00633396 /* XCRemoteSwiftPackageReference "firebase-ios-sdk" */,
				37BCC5362D5AE19A00A1A5EA /* XCRemoteSwiftPackageReference "stripe-ios-spm" */,
				3791358B2D5C1464002783EA /* XCRemoteSwiftPackageReference "OpenAI" */,
			);
			preferredProjectObjectVersion = 77;
			productRefGroup = 37E27EB92D53030100FDBE70 /* Products */;
			projectDirPath = "";
			projectRoot = "";
			targets = (
				37E27EB72D53030100FDBE70 /* cliktok */,
			);
		};
/* End PBXProject section */

/* Begin PBXResourcesBuildPhase section */
		37E27EB62D53030100FDBE70 /* Resources */ = {
			isa = PBXResourcesBuildPhase;
			buildActionMask = 2147483647;
			files = (
			);
			runOnlyForDeploymentPostprocessing = 0;
		};
/* End PBXResourcesBuildPhase section */

/* Begin PBXSourcesBuildPhase section */
		37E27EB42D53030100FDBE70 /* Sources */ = {
			isa = PBXSourcesBuildPhase;
			buildActionMask = 2147483647;
			files = (
			);
			runOnlyForDeploymentPostprocessing = 0;
		};
/* End PBXSourcesBuildPhase section */

/* Begin XCBuildConfiguration section */
		37E27EC62D53030300FDBE70 /* Debug */ = {
			isa = XCBuildConfiguration;
			buildSettings = {
				ALWAYS_SEARCH_USER_PATHS = NO;
				ASSETCATALOG_COMPILER_GENERATE_SWIFT_ASSET_SYMBOL_EXTENSIONS = YES;
				CLANG_ANALYZER_NONNULL = YES;
				CLANG_ANALYZER_NUMBER_OBJECT_CONVERSION = YES_AGGRESSIVE;
				CLANG_CXX_LANGUAGE_STANDARD = "gnu++20";
				CLANG_ENABLE_MODULES = YES;
				CLANG_ENABLE_OBJC_ARC = YES;
				CLANG_ENABLE_OBJC_WEAK = YES;
				CLANG_WARN_BLOCK_CAPTURE_AUTORELEASING = YES;
				CLANG_WARN_BOOL_CONVERSION = YES;
				CLANG_WARN_COMMA = YES;
				CLANG_WARN_CONSTANT_CONVERSION = YES;
				CLANG_WARN_DEPRECATED_OBJC_IMPLEMENTATIONS = YES;
				CLANG_WARN_DIRECT_OBJC_ISA_USAGE = YES_ERROR;
				CLANG_WARN_DOCUMENTATION_COMMENTS = YES;
				CLANG_WARN_EMPTY_BODY = YES;
				CLANG_WARN_ENUM_CONVERSION = YES;
				CLANG_WARN_INFINITE_RECURSION = YES;
				CLANG_WARN_INT_CONVERSION = YES;
				CLANG_WARN_NON_LITERAL_NULL_CONVERSION = YES;
				CLANG_WARN_OBJC_IMPLICIT_RETAIN_SELF = YES;
				CLANG_WARN_OBJC_LITERAL_CONVERSION = YES;
				CLANG_WARN_OBJC_ROOT_CLASS = YES_ERROR;
				CLANG_WARN_QUOTED_INCLUDE_IN_FRAMEWORK_HEADER = YES;
				CLANG_WARN_RANGE_LOOP_ANALYSIS = YES;
				CLANG_WARN_STRICT_PROTOTYPES = YES;
				CLANG_WARN_SUSPICIOUS_MOVE = YES;
				CLANG_WARN_UNGUARDED_AVAILABILITY = YES_AGGRESSIVE;
				CLANG_WARN_UNREACHABLE_CODE = YES;
				CLANG_WARN__DUPLICATE_METHOD_MATCH = YES;
				COPY_PHASE_STRIP = NO;
				DEBUG_INFORMATION_FORMAT = dwarf;
				ENABLE_STRICT_OBJC_MSGSEND = YES;
				ENABLE_TESTABILITY = YES;
				ENABLE_USER_SCRIPT_SANDBOXING = YES;
				GCC_C_LANGUAGE_STANDARD = gnu17;
				GCC_DYNAMIC_NO_PIC = NO;
				GCC_NO_COMMON_BLOCKS = YES;
				GCC_OPTIMIZATION_LEVEL = 0;
				GCC_PREPROCESSOR_DEFINITIONS = (
					"DEBUG=1",
					"$(inherited)",
				);
				GCC_WARN_64_TO_32_BIT_CONVERSION = YES;
				GCC_WARN_ABOUT_RETURN_TYPE = YES_ERROR;
				GCC_WARN_UNDECLARED_SELECTOR = YES;
				GCC_WARN_UNINITIALIZED_AUTOS = YES_AGGRESSIVE;
				GCC_WARN_UNUSED_FUNCTION = YES;
				GCC_WARN_UNUSED_VARIABLE = YES;
				IPHONEOS_DEPLOYMENT_TARGET = 18.2;
				LOCALIZATION_PREFERS_STRING_CATALOGS = YES;
				MTL_ENABLE_DEBUG_INFO = INCLUDE_SOURCE;
				MTL_FAST_MATH = YES;
				ONLY_ACTIVE_ARCH = YES;
				SDKROOT = iphoneos;
				SWIFT_ACTIVE_COMPILATION_CONDITIONS = "DEBUG $(inherited)";
				SWIFT_OPTIMIZATION_LEVEL = "-Onone";
			};
			name = Debug;
		};
		37E27EC72D53030300FDBE70 /* Release */ = {
			isa = XCBuildConfiguration;
			buildSettings = {
				ALWAYS_SEARCH_USER_PATHS = NO;
				ASSETCATALOG_COMPILER_GENERATE_SWIFT_ASSET_SYMBOL_EXTENSIONS = YES;
				CLANG_ANALYZER_NONNULL = YES;
				CLANG_ANALYZER_NUMBER_OBJECT_CONVERSION = YES_AGGRESSIVE;
				CLANG_CXX_LANGUAGE_STANDARD = "gnu++20";
				CLANG_ENABLE_MODULES = YES;
				CLANG_ENABLE_OBJC_ARC = YES;
				CLANG_ENABLE_OBJC_WEAK = YES;
				CLANG_WARN_BLOCK_CAPTURE_AUTORELEASING = YES;
				CLANG_WARN_BOOL_CONVERSION = YES;
				CLANG_WARN_COMMA = YES;
				CLANG_WARN_CONSTANT_CONVERSION = YES;
				CLANG_WARN_DEPRECATED_OBJC_IMPLEMENTATIONS = YES;
				CLANG_WARN_DIRECT_OBJC_ISA_USAGE = YES_ERROR;
				CLANG_WARN_DOCUMENTATION_COMMENTS = YES;
				CLANG_WARN_EMPTY_BODY = YES;
				CLANG_WARN_ENUM_CONVERSION = YES;
				CLANG_WARN_INFINITE_RECURSION = YES;
				CLANG_WARN_INT_CONVERSION = YES;
				CLANG_WARN_NON_LITERAL_NULL_CONVERSION = YES;
				CLANG_WARN_OBJC_IMPLICIT_RETAIN_SELF = YES;
				CLANG_WARN_OBJC_LITERAL_CONVERSION = YES;
				CLANG_WARN_OBJC_ROOT_CLASS = YES_ERROR;
				CLANG_WARN_QUOTED_INCLUDE_IN_FRAMEWORK_HEADER = YES;
				CLANG_WARN_RANGE_LOOP_ANALYSIS = YES;
				CLANG_WARN_STRICT_PROTOTYPES = YES;
				CLANG_WARN_SUSPICIOUS_MOVE = YES;
				CLANG_WARN_UNGUARDED_AVAILABILITY = YES_AGGRESSIVE;
				CLANG_WARN_UNREACHABLE_CODE = YES;
				CLANG_WARN__DUPLICATE_METHOD_MATCH = YES;
				COPY_PHASE_STRIP = NO;
				DEBUG_INFORMATION_FORMAT = "dwarf-with-dsym";
				ENABLE_NS_ASSERTIONS = NO;
				ENABLE_STRICT_OBJC_MSGSEND = YES;
				ENABLE_USER_SCRIPT_SANDBOXING = YES;
				GCC_C_LANGUAGE_STANDARD = gnu17;
				GCC_NO_COMMON_BLOCKS = YES;
				GCC_WARN_64_TO_32_BIT_CONVERSION = YES;
				GCC_WARN_ABOUT_RETURN_TYPE = YES_ERROR;
				GCC_WARN_UNDECLARED_SELECTOR = YES;
				GCC_WARN_UNINITIALIZED_AUTOS = YES_AGGRESSIVE;
				GCC_WARN_UNUSED_FUNCTION = YES;
				GCC_WARN_UNUSED_VARIABLE = YES;
				IPHONEOS_DEPLOYMENT_TARGET = 18.2;
				LOCALIZATION_PREFERS_STRING_CATALOGS = YES;
				MTL_ENABLE_DEBUG_INFO = NO;
				MTL_FAST_MATH = YES;
				SDKROOT = iphoneos;
				SWIFT_COMPILATION_MODE = wholemodule;
				VALIDATE_PRODUCT = YES;
			};
			name = Release;
		};
		37E27EC92D53030300FDBE70 /* Debug */ = {
			isa = XCBuildConfiguration;
			buildSettings = {
				ASSETCATALOG_COMPILER_APPICON_NAME = AppIcon;
				ASSETCATALOG_COMPILER_GLOBAL_ACCENT_COLOR_NAME = AccentColor;
				CODE_SIGN_STYLE = Automatic;
				CURRENT_PROJECT_VERSION = 1;
				DEVELOPMENT_ASSET_PATHS = "\"cliktok/Preview Content\"";
				DEVELOPMENT_TEAM = JAAQKRTXQ6;
				ENABLE_PREVIEWS = YES;
				GENERATE_INFOPLIST_FILE = YES;
				INFOPLIST_FILE = cliktok/Info.plist;
				INFOPLIST_KEY_NSCameraUsageDescription = "We need access to your camera to record videos for uploading to the app.";
				INFOPLIST_KEY_NSMicrophoneUsageDescription = "We need access to your microphone to record audio with your videos.";
				INFOPLIST_KEY_UIApplicationSceneManifest_Generation = YES;
				INFOPLIST_KEY_UIApplicationSupportsIndirectInputEvents = YES;
				INFOPLIST_KEY_UILaunchScreen_Generation = YES;
				INFOPLIST_KEY_UISupportedInterfaceOrientations_iPad = "UIInterfaceOrientationPortrait UIInterfaceOrientationPortraitUpsideDown UIInterfaceOrientationLandscapeLeft UIInterfaceOrientationLandscapeRight";
				INFOPLIST_KEY_UISupportedInterfaceOrientations_iPhone = "UIInterfaceOrientationPortrait UIInterfaceOrientationLandscapeLeft UIInterfaceOrientationLandscapeRight";
				IPHONEOS_DEPLOYMENT_TARGET = 18.0;
				LD_RUNPATH_SEARCH_PATHS = (
					"$(inherited)",
					"@executable_path/Frameworks",
				);
				MARKETING_VERSION = 1.0;
				PRODUCT_BUNDLE_IDENTIFIER = gauntletai.cliktok;
				PRODUCT_NAME = "$(TARGET_NAME)";
				SWIFT_EMIT_LOC_STRINGS = YES;
				SWIFT_VERSION = 5.0;
				TARGETED_DEVICE_FAMILY = "1,2";
			};
			name = Debug;
		};
		37E27ECA2D53030300FDBE70 /* Release */ = {
			isa = XCBuildConfiguration;
			buildSettings = {
				ASSETCATALOG_COMPILER_APPICON_NAME = AppIcon;
				ASSETCATALOG_COMPILER_GLOBAL_ACCENT_COLOR_NAME = AccentColor;
				CODE_SIGN_STYLE = Automatic;
				CURRENT_PROJECT_VERSION = 1;
				DEVELOPMENT_ASSET_PATHS = "\"cliktok/Preview Content\"";
				DEVELOPMENT_TEAM = JAAQKRTXQ6;
				ENABLE_PREVIEWS = YES;
				GENERATE_INFOPLIST_FILE = YES;
				INFOPLIST_FILE = cliktok/Info.plist;
				INFOPLIST_KEY_NSCameraUsageDescription = "We need access to your camera to record videos for uploading to the app.";
				INFOPLIST_KEY_NSMicrophoneUsageDescription = "We need access to your microphone to record audio with your videos.";
				INFOPLIST_KEY_UIApplicationSceneManifest_Generation = YES;
				INFOPLIST_KEY_UIApplicationSupportsIndirectInputEvents = YES;
				INFOPLIST_KEY_UILaunchScreen_Generation = YES;
				INFOPLIST_KEY_UISupportedInterfaceOrientations_iPad = "UIInterfaceOrientationPortrait UIInterfaceOrientationPortraitUpsideDown UIInterfaceOrientationLandscapeLeft UIInterfaceOrientationLandscapeRight";
				INFOPLIST_KEY_UISupportedInterfaceOrientations_iPhone = "UIInterfaceOrientationPortrait UIInterfaceOrientationLandscapeLeft UIInterfaceOrientationLandscapeRight";
				IPHONEOS_DEPLOYMENT_TARGET = 18.0;
				LD_RUNPATH_SEARCH_PATHS = (
					"$(inherited)",
					"@executable_path/Frameworks",
				);
				MARKETING_VERSION = 1.0;
				PRODUCT_BUNDLE_IDENTIFIER = gauntletai.cliktok;
				PRODUCT_NAME = "$(TARGET_NAME)";
				SWIFT_EMIT_LOC_STRINGS = YES;
				SWIFT_VERSION = 5.0;
				TARGETED_DEVICE_FAMILY = "1,2";
			};
			name = Release;
		};
/* End XCBuildConfiguration section */

/* Begin XCConfigurationList section */
		37E27EB32D53030100FDBE70 /* Build configuration list for PBXProject "cliktok" */ = {
			isa = XCConfigurationList;
			buildConfigurations = (
				37E27EC62D53030300FDBE70 /* Debug */,
				37E27EC72D53030300FDBE70 /* Release */,
			);
			defaultConfigurationIsVisible = 0;
			defaultConfigurationName = Release;
		};
		37E27EC82D53030300FDBE70 /* Build configuration list for PBXNativeTarget "cliktok" */ = {
			isa = XCConfigurationList;
			buildConfigurations = (
				37E27EC92D53030300FDBE70 /* Debug */,
				37E27ECA2D53030300FDBE70 /* Release */,
			);
			defaultConfigurationIsVisible = 0;
			defaultConfigurationName = Release;
		};
/* End XCConfigurationList section */

/* Begin XCRemoteSwiftPackageReference section */
		3791358B2D5C1464002783EA /* XCRemoteSwiftPackageReference "OpenAI" */ = {
			isa = XCRemoteSwiftPackageReference;
			repositoryURL = "https://github.com/MacPaw/OpenAI.git";
			requirement = {
				kind = upToNextMajorVersion;
				minimumVersion = 0.2.6;
			};
		};
		37A531C92D53044C00633396 /* XCRemoteSwiftPackageReference "firebase-ios-sdk" */ = {
			isa = XCRemoteSwiftPackageReference;
			repositoryURL = "https://github.com/firebase/firebase-ios-sdk";
			requirement = {
				kind = upToNextMajorVersion;
				minimumVersion = 11.8.1;
			};
		};
		37BCC5362D5AE19A00A1A5EA /* XCRemoteSwiftPackageReference "stripe-ios-spm" */ = {
			isa = XCRemoteSwiftPackageReference;
			repositoryURL = "https://github.com/stripe/stripe-ios-spm";
			requirement = {
				kind = upToNextMajorVersion;
				minimumVersion = 24.4.1;
			};
		};
/* End XCRemoteSwiftPackageReference section */

/* Begin XCSwiftPackageProductDependency section */
		372CDB8B2D531596006F7CDB /* FirebaseFirestore */ = {
			isa = XCSwiftPackageProductDependency;
			package = 37A531C92D53044C00633396 /* XCRemoteSwiftPackageReference "firebase-ios-sdk" */;
			productName = FirebaseFirestore;
		};
		372CDB8D2D531596006F7CDB /* FirebaseStorage */ = {
			isa = XCSwiftPackageProductDependency;
			package = 37A531C92D53044C00633396 /* XCRemoteSwiftPackageReference "firebase-ios-sdk" */;
			productName = FirebaseStorage;
		};
		3791358C2D5C1464002783EA /* OpenAI */ = {
			isa = XCSwiftPackageProductDependency;
			package = 3791358B2D5C1464002783EA /* XCRemoteSwiftPackageReference "OpenAI" */;
			productName = OpenAI;
		};
		37A531CA2D53044C00633396 /* FirebaseAuth */ = {
			isa = XCSwiftPackageProductDependency;
			package = 37A531C92D53044C00633396 /* XCRemoteSwiftPackageReference "firebase-ios-sdk" */;
			productName = FirebaseAuth;
		};
		37A531CC2D53044C00633396 /* FirebaseCore */ = {
			isa = XCSwiftPackageProductDependency;
			package = 37A531C92D53044C00633396 /* XCRemoteSwiftPackageReference "firebase-ios-sdk" */;
			productName = FirebaseCore;
		};
		37BCC5372D5AE19A00A1A5EA /* StripePaymentSheet */ = {
			isa = XCSwiftPackageProductDependency;
			package = 37BCC5362D5AE19A00A1A5EA /* XCRemoteSwiftPackageReference "stripe-ios-spm" */;
			productName = StripePaymentSheet;
		};
/* End XCSwiftPackageProductDependency section */
	};
	rootObject = 37E27EB02D53030100FDBE70 /* Project object */;
}
